
Microsoft Visual Studio Solution File, Format Version 12.00
# Visual Studio Version 17
VisualStudioVersion = 17.0.31903.59
MinimumVisualStudioVersion = 10.0.40219.1
Project("{FAE04EC0-301F-11D3-BF4B-00C04F79EFBC}") = "PetMatch.Api", "PetMatch.Api\PetMatch.Api.csproj", "{94745A21-BA32-43CC-BCDF-FD3780FFF1B6}"
EndProject
Project("{FAE04EC0-301F-11D3-BF4B-00C04F79EFBC}") = "PetMatch.Application", "PetMatch.Application\PetMatch.Application.csproj", "{6AE804F0-EBE5-44FE-AACE-6B3624FE6C0F}"
EndProject
Project("{FAE04EC0-301F-11D3-BF4B-00C04F79EFBC}") = "PetMatch.Contracts", "PetMatch.Contracts\PetMatch.Contracts.csproj", "{0B2EBCD4-274D-47C7-A4A3-E332651F4910}"
EndProject
Project("{FAE04EC0-301F-11D3-BF4B-00C04F79EFBC}") = "PetMatch.Domain", "PetMatch.Domain\PetMatch.Domain.csproj", "{968F1EC1-9E98-4D22-911B-BE2F7E4F8A9B}"
EndProject
Project("{FAE04EC0-301F-11D3-BF4B-00C04F79EFBC}") = "PetMatch.Infrastructure", "PetMatch.Infrastructure\PetMatch.Infrastructure.csproj", "{A9C8044B-4891-41F0-BD4F-99D7D4A5C99A}"
EndProject
Global
	GlobalSection(SolutionConfigurationPlatforms) = preSolution
		Debug|Any CPU = Debug|Any CPU
		Release|Any CPU = Release|Any CPU
	EndGlobalSection
	GlobalSection(SolutionProperties) = preSolution
		HideSolutionNode = FALSE
	EndGlobalSection
	GlobalSection(ProjectConfigurationPlatforms) = postSolution
		{94745A21-BA32-43CC-BCDF-FD3780FFF1B6}.Debug|Any CPU.ActiveCfg = Debug|Any CPU
		{94745A21-BA32-43CC-BCDF-FD3780FFF1B6}.Debug|Any CPU.Build.0 = Debug|Any CPU
		{94745A21-BA32-43CC-BCDF-FD3780FFF1B6}.Release|Any CPU.ActiveCfg = Release|Any CPU
		{94745A21-BA32-43CC-BCDF-FD3780FFF1B6}.Release|Any CPU.Build.0 = Release|Any CPU
		{6AE804F0-EBE5-44FE-AACE-6B3624FE6C0F}.Debug|Any CPU.ActiveCfg = Debug|Any CPU
		{6AE804F0-EBE5-44FE-AACE-6B3624FE6C0F}.Debug|Any CPU.Build.0 = Debug|Any CPU
		{6AE804F0-EBE5-44FE-AACE-6B3624FE6C0F}.Release|Any CPU.ActiveCfg = Release|Any CPU
		{6AE804F0-EBE5-44FE-AACE-6B3624FE6C0F}.Release|Any CPU.Build.0 = Release|Any CPU
		{0B2EBCD4-274D-47C7-A4A3-E332651F4910}.Debug|Any CPU.ActiveCfg = Debug|Any CPU
		{0B2EBCD4-274D-47C7-A4A3-E332651F4910}.Debug|Any CPU.Build.0 = Debug|Any CPU
		{0B2EBCD4-274D-47C7-A4A3-E332651F4910}.Release|Any CPU.ActiveCfg = Release|Any CPU
		{0B2EBCD4-274D-47C7-A4A3-E332651F4910}.Release|Any CPU.Build.0 = Release|Any CPU
		{968F1EC1-9E98-4D22-911B-BE2F7E4F8A9B}.Debug|Any CPU.ActiveCfg = Debug|Any CPU
		{968F1EC1-9E98-4D22-911B-BE2F7E4F8A9B}.Debug|Any CPU.Build.0 = Debug|Any CPU
		{968F1EC1-9E98-4D22-911B-BE2F7E4F8A9B}.Release|Any CPU.ActiveCfg = Release|Any CPU
		{968F1EC1-9E98-4D22-911B-BE2F7E4F8A9B}.Release|Any CPU.Build.0 = Release|Any CPU
		{A9C8044B-4891-41F0-BD4F-99D7D4A5C99A}.Debug|Any CPU.ActiveCfg = Debug|Any CPU
		{A9C8044B-4891-41F0-BD4F-99D7D4A5C99A}.Debug|Any CPU.Build.0 = Debug|Any CPU
		{A9C8044B-4891-41F0-BD4F-99D7D4A5C99A}.Release|Any CPU.ActiveCfg = Release|Any CPU
		{A9C8044B-4891-41F0-BD4F-99D7D4A5C99A}.Release|Any CPU.Build.0 = Release|Any CPU
	EndGlobalSection
EndGlobal
